PODS:
  - ScrollableGraphView (4.0.4)
  - UITextField-Navigation (3.0.0)

DEPENDENCIES:
  - ScrollableGraphView
  - UITextField-Navigation

SPEC CHECKSUMS:
  ScrollableGraphView: 072ea302f4ca27779692656a49d51fe537b2b1e7
  UITextField-Navigation: 20e317ede7db16990db5b42fedaaaa32997ef614

PODFILE CHECKSUM: 8240f72ff7a98f54c4d30cf27c9ab65a6495ec9d

COCOAPODS: 1.3.1
