// !$*UTF8*$!
{
	archiveVersion = 1;
	classes = {
	};
	objectVersion = 48;
	objects = {

/* Begin PBXBuildFile section */
		AF177F381F7C37CE00CE7899 /* AppDelegate.swift in Sources */ = {isa = PBXBuildFile; fileRef = AF177F371F7C37CE00CE7899 /* AppDelegate.swift */; };
		AF177F3A1F7C37CE00CE7899 /* RefuelViewController.swift in Sources */ = {isa = PBXBuildFile; fileRef = AF177F391F7C37CE00CE7899 /* RefuelViewController.swift */; };
		AF177F3D1F7C37CE00CE7899 /* Main.storyboard in Resources */ = {isa = PBXBuildFile; fileRef = AF177F3B1F7C37CE00CE7899 /* Main.storyboard */; };
		AF177F3F1F7C37CE00CE7899 /* Assets.xcassets in Resources */ = {isa = PBXBuildFile; fileRef = AF177F3E1F7C37CE00CE7899 /* Assets.xcassets */; };
		AF177F421F7C37CE00CE7899 /* LaunchScreen.storyboard in Resources */ = {isa = PBXBuildFile; fileRef = AF177F401F7C37CE00CE7899 /* LaunchScreen.storyboard */; };
		AF2E1ED51F8B82D0005C9116 /* SimpleFuelLogger.xcdatamodeld in Sources */ = {isa = PBXBuildFile; fileRef = AF2E1ED21F8AC4FF005C9116 /* SimpleFuelLogger.xcdatamodeld */; };
		AF2E1ED71F8CB527005C9116 /* CheckBox.swift in Sources */ = {isa = PBXBuildFile; fileRef = AF2E1ED61F8CB527005C9116 /* CheckBox.swift */; };
		AFBDB63C1F977C2A00C45B42 /* ExtensionDouble.swift in Sources */ = {isa = PBXBuildFile; fileRef = AFBDB63B1F977C2A00C45B42 /* ExtensionDouble.swift */; };
		AFBDB63E1F97A9F400C45B42 /* ExtensionString.swift in Sources */ = {isa = PBXBuildFile; fileRef = AFBDB63D1F97A9F400C45B42 /* ExtensionString.swift */; };
		AFC34A811F879DD600DE9B16 /* RefuelTableViewCell.swift in Sources */ = {isa = PBXBuildFile; fileRef = AFC34A801F879DD600DE9B16 /* RefuelTableViewCell.swift */; };
		AFC34A831F8808E100DE9B16 /* ListViewController.swift in Sources */ = {isa = PBXBuildFile; fileRef = AFC34A821F8808E100DE9B16 /* ListViewController.swift */; };
		AFCC628B1F84360900CFA959 /* Pods-Simple Fuel Logger.debug.xcconfig in Resources */ = {isa = PBXBuildFile; fileRef = A68B8CC7A9556E85D3F56E0A /* Pods-Simple Fuel Logger.debug.xcconfig */; };
		AFCC628C1F84360C00CFA959 /* Pods-Simple Fuel Logger.release.xcconfig in Resources */ = {isa = PBXBuildFile; fileRef = 63C1556A5C8C1596EA48B104 /* Pods-Simple Fuel Logger.release.xcconfig */; };
		AFCC628E1F84368A00CFA959 /* Pods_Simple_Fuel_Logger.framework in Frameworks */ = {isa = PBXBuildFile; fileRef = EC74C44B7A240DE9745FC099 /* Pods_Simple_Fuel_Logger.framework */; };
/* End PBXBuildFile section */

/* Begin PBXFileReference section */
		63C1556A5C8C1596EA48B104 /* Pods-Simple Fuel Logger.release.xcconfig */ = {isa = PBXFileReference; includeInIndex = 1; lastKnownFileType = text.xcconfig; name = "Pods-Simple Fuel Logger.release.xcconfig"; path = "Pods/Target Support Files/Pods-Simple Fuel Logger/Pods-Simple Fuel Logger.release.xcconfig"; sourceTree = "<group>"; };
		A68B8CC7A9556E85D3F56E0A /* Pods-Simple Fuel Logger.debug.xcconfig */ = {isa = PBXFileReference; includeInIndex = 1; lastKnownFileType = text.xcconfig; name = "Pods-Simple Fuel Logger.debug.xcconfig"; path = "Pods/Target Support Files/Pods-Simple Fuel Logger/Pods-Simple Fuel Logger.debug.xcconfig"; sourceTree = "<group>"; };
		AF177F341F7C37CE00CE7899 /* Simple Fuel Logger.app */ = {isa = PBXFileReference; explicitFileType = wrapper.application; includeInIndex = 0; path = "Simple Fuel Logger.app"; sourceTree = BUILT_PRODUCTS_DIR; };
		AF177F371F7C37CE00CE7899 /* AppDelegate.swift */ = {isa = PBXFileReference; lastKnownFileType = sourcecode.swift; path = AppDelegate.swift; sourceTree = "<group>"; };
		AF177F391F7C37CE00CE7899 /* RefuelViewController.swift */ = {isa = PBXFileReference; lastKnownFileType = sourcecode.swift; path = RefuelViewController.swift; sourceTree = "<group>"; };
		AF177F3C1F7C37CE00CE7899 /* Base */ = {isa = PBXFileReference; lastKnownFileType = file.storyboard; name = Base; path = Base.lproj/Main.storyboard; sourceTree = "<group>"; };
		AF177F3E1F7C37CE00CE7899 /* Assets.xcassets */ = {isa = PBXFileReference; lastKnownFileType = folder.assetcatalog; path = Assets.xcassets; sourceTree = "<group>"; };
		AF177F411F7C37CE00CE7899 /* Base */ = {isa = PBXFileReference; lastKnownFileType = file.storyboard; name = Base; path = Base.lproj/LaunchScreen.storyboard; sourceTree = "<group>"; };
		AF177F431F7C37CE00CE7899 /* Info.plist */ = {isa = PBXFileReference; lastKnownFileType = text.plist.xml; path = Info.plist; sourceTree = "<group>"; };
		AF2E1ED31F8AC4FF005C9116 /* SimpleFuelLogger.xcdatamodel */ = {isa = PBXFileReference; lastKnownFileType = wrapper.xcdatamodel; path = SimpleFuelLogger.xcdatamodel; sourceTree = "<group>"; };
		AF2E1ED61F8CB527005C9116 /* CheckBox.swift */ = {isa = PBXFileReference; lastKnownFileType = sourcecode.swift; path = CheckBox.swift; sourceTree = "<group>"; };
		AFBDB63B1F977C2A00C45B42 /* ExtensionDouble.swift */ = {isa = PBXFileReference; lastKnownFileType = sourcecode.swift; path = ExtensionDouble.swift; sourceTree = "<group>"; };
		AFBDB63D1F97A9F400C45B42 /* ExtensionString.swift */ = {isa = PBXFileReference; lastKnownFileType = sourcecode.swift; path = ExtensionString.swift; sourceTree = "<group>"; };
		AFC34A801F879DD600DE9B16 /* RefuelTableViewCell.swift */ = {isa = PBXFileReference; lastKnownFileType = sourcecode.swift; path = RefuelTableViewCell.swift; sourceTree = "<group>"; };
		AFC34A821F8808E100DE9B16 /* ListViewController.swift */ = {isa = PBXFileReference; lastKnownFileType = sourcecode.swift; path = ListViewController.swift; sourceTree = "<group>"; };
		EC74C44B7A240DE9745FC099 /* Pods_Simple_Fuel_Logger.framework */ = {isa = PBXFileReference; explicitFileType = wrapper.framework; includeInIndex = 0; path = Pods_Simple_Fuel_Logger.framework; sourceTree = BUILT_PRODUCTS_DIR; };
/* End PBXFileReference section */

/* Begin PBXFrameworksBuildPhase section */
		AF177F311F7C37CE00CE7899 /* Frameworks */ = {
			isa = PBXFrameworksBuildPhase;
			buildActionMask = 2147483647;
			files = (
				AFCC628E1F84368A00CFA959 /* Pods_Simple_Fuel_Logger.framework in Frameworks */,
			);
			runOnlyForDeploymentPostprocessing = 0;
		};
/* End PBXFrameworksBuildPhase section */

/* Begin PBXGroup section */
		1F109B38B8534319BF04E337 /* Frameworks */ = {
			isa = PBXGroup;
			children = (
				EC74C44B7A240DE9745FC099 /* Pods_Simple_Fuel_Logger.framework */,
			);
			name = Frameworks;
			sourceTree = "<group>";
		};
		AF177F2B1F7C37CE00CE7899 = {
			isa = PBXGroup;
			children = (
				AF177F361F7C37CE00CE7899 /* Simple Fuel Logger */,
				AF177F351F7C37CE00CE7899 /* Products */,
				D5FAAEFA91957DDD434928E4 /* Pods */,
				1F109B38B8534319BF04E337 /* Frameworks */,
			);
			sourceTree = "<group>";
		};
		AF177F351F7C37CE00CE7899 /* Products */ = {
			isa = PBXGroup;
			children = (
				AF177F341F7C37CE00CE7899 /* Simple Fuel Logger.app */,
			);
			name = Products;
			sourceTree = "<group>";
		};
		AF177F361F7C37CE00CE7899 /* Simple Fuel Logger */ = {
			isa = PBXGroup;
			children = (
				AF177F371F7C37CE00CE7899 /* AppDelegate.swift */,
				AF2E1ED21F8AC4FF005C9116 /* SimpleFuelLogger.xcdatamodeld */,
				AF177F391F7C37CE00CE7899 /* RefuelViewController.swift */,
				AF177F3B1F7C37CE00CE7899 /* Main.storyboard */,
				AFC34A821F8808E100DE9B16 /* ListViewController.swift */,
				AFC34A801F879DD600DE9B16 /* RefuelTableViewCell.swift */,
				AF2E1ED61F8CB527005C9116 /* CheckBox.swift */,
				AF177F3E1F7C37CE00CE7899 /* Assets.xcassets */,
				AF177F401F7C37CE00CE7899 /* LaunchScreen.storyboard */,
				AF177F431F7C37CE00CE7899 /* Info.plist */,
				AFBDB63B1F977C2A00C45B42 /* ExtensionDouble.swift */,
				AFBDB63D1F97A9F400C45B42 /* ExtensionString.swift */,
			);
			path = "Simple Fuel Logger";
			sourceTree = "<group>";
		};
		D5FAAEFA91957DDD434928E4 /* Pods */ = {
			isa = PBXGroup;
			children = (
				A68B8CC7A9556E85D3F56E0A /* Pods-Simple Fuel Logger.debug.xcconfig */,
				63C1556A5C8C1596EA48B104 /* Pods-Simple Fuel Logger.release.xcconfig */,
			);
			name = Pods;
			sourceTree = "<group>";
		};
/* End PBXGroup section */

/* Begin PBXNativeTarget section */
		AF177F331F7C37CE00CE7899 /* Simple Fuel Logger */ = {
			isa = PBXNativeTarget;
			buildConfigurationList = AF177F461F7C37CE00CE7899 /* Build configuration list for PBXNativeTarget "Simple Fuel Logger" */;
			buildPhases = (
				44919F74A8BD1E601D1EE789 /* [CP] Check Pods Manifest.lock */,
				AF177F301F7C37CE00CE7899 /* Sources */,
				AF177F311F7C37CE00CE7899 /* Frameworks */,
				AF177F321F7C37CE00CE7899 /* Resources */,
				911D3246D34D1FB98B93D616 /* [CP] Embed Pods Frameworks */,
				15C2BCD4D04AFC502F4EAF11 /* [CP] Copy Pods Resources */,
			);
			buildRules = (
			);
			dependencies = (
			);
			name = "Simple Fuel Logger";
			productName = "Simple Fuel Logger";
			productReference = AF177F341F7C37CE00CE7899 /* Simple Fuel Logger.app */;
			productType = "com.apple.product-type.application";
		};
/* End PBXNativeTarget section */

/* Begin PBXProject section */
		AF177F2C1F7C37CE00CE7899 /* Project object */ = {
			isa = PBXProject;
			attributes = {
				LastSwiftUpdateCheck = 0900;
				LastUpgradeCheck = 0900;
				ORGANIZATIONNAME = Master;
				TargetAttributes = {
					AF177F331F7C37CE00CE7899 = {
						CreatedOnToolsVersion = 9.0;
						ProvisioningStyle = Automatic;
					};
				};
			};
			buildConfigurationList = AF177F2F1F7C37CE00CE7899 /* Build configuration list for PBXProject "Simple Fuel Logger" */;
			compatibilityVersion = "Xcode 8.0";
			developmentRegion = en;
			hasScannedForEncodings = 0;
			knownRegions = (
				en,
				Base,
			);
			mainGroup = AF177F2B1F7C37CE00CE7899;
			productRefGroup = AF177F351F7C37CE00CE7899 /* Products */;
			projectDirPath = "";
			projectRoot = "";
			targets = (
				AF177F331F7C37CE00CE7899 /* Simple Fuel Logger */,
			);
		};
/* End PBXProject section */

/* Begin PBXResourcesBuildPhase section */
		AF177F321F7C37CE00CE7899 /* Resources */ = {
			isa = PBXResourcesBuildPhase;
			buildActionMask = 2147483647;
			files = (
				AF177F421F7C37CE00CE7899 /* LaunchScreen.storyboard in Resources */,
				AFCC628C1F84360C00CFA959 /* Pods-Simple Fuel Logger.release.xcconfig in Resources */,
				AF177F3F1F7C37CE00CE7899 /* Assets.xcassets in Resources */,
				AFCC628B1F84360900CFA959 /* Pods-Simple Fuel Logger.debug.xcconfig in Resources */,
				AF177F3D1F7C37CE00CE7899 /* Main.storyboard in Resources */,
			);
			runOnlyForDeploymentPostprocessing = 0;
		};
/* End PBXResourcesBuildPhase section */

/* Begin PBXShellScriptBuildPhase section */
		15C2BCD4D04AFC502F4EAF11 /* [CP] Copy Pods Resources */ = {
			isa = PBXShellScriptBuildPhase;
			buildActionMask = 2147483647;
			files = (
			);
			inputPaths = (
			);
			name = "[CP] Copy Pods Resources";
			outputPaths = (
			);
			runOnlyForDeploymentPostprocessing = 0;
			shellPath = /bin/sh;
			shellScript = "\"${SRCROOT}/Pods/Target Support Files/Pods-Simple Fuel Logger/Pods-Simple Fuel Logger-resources.sh\"\n";
			showEnvVarsInLog = 0;
		};
		44919F74A8BD1E601D1EE789 /* [CP] Check Pods Manifest.lock */ = {
			isa = PBXShellScriptBuildPhase;
			buildActionMask = 2147483647;
			files = (
			);
			inputPaths = (
				"${PODS_PODFILE_DIR_PATH}/Podfile.lock",
				"${PODS_ROOT}/Manifest.lock",
			);
			name = "[CP] Check Pods Manifest.lock";
			outputPaths = (
				"$(DERIVED_FILE_DIR)/Pods-Simple Fuel Logger-checkManifestLockResult.txt",
			);
			runOnlyForDeploymentPostprocessing = 0;
			shellPath = /bin/sh;
			shellScript = "diff \"${PODS_PODFILE_DIR_PATH}/Podfile.lock\" \"${PODS_ROOT}/Manifest.lock\" > /dev/null\nif [ $? != 0 ] ; then\n    # print error to STDERR\n    echo \"error: The sandbox is not in sync with the Podfile.lock. Run 'pod install' or update your CocoaPods installation.\" >&2\n    exit 1\nfi\n# This output is used by Xcode 'outputs' to avoid re-running this script phase.\necho \"SUCCESS\" > \"${SCRIPT_OUTPUT_FILE_0}\"\n";
			showEnvVarsInLog = 0;
		};
		911D3246D34D1FB98B93D616 /* [CP] Embed Pods Frameworks */ = {
			isa = PBXShellScriptBuildPhase;
			buildActionMask = 2147483647;
			files = (
			);
			inputPaths = (
				"${SRCROOT}/Pods/Target Support Files/Pods-Simple Fuel Logger/Pods-Simple Fuel Logger-frameworks.sh",
				"${BUILT_PRODUCTS_DIR}/UITextField-Navigation/UITextField_Navigation.framework",
			);
			name = "[CP] Embed Pods Frameworks";
			outputPaths = (
				"${TARGET_BUILD_DIR}/${FRAMEWORKS_FOLDER_PATH}/UITextField_Navigation.framework",
			);
			runOnlyForDeploymentPostprocessing = 0;
			shellPath = /bin/sh;
			shellScript = "\"${SRCROOT}/Pods/Target Support Files/Pods-Simple Fuel Logger/Pods-Simple Fuel Logger-frameworks.sh\"\n";
			showEnvVarsInLog = 0;
		};
/* End PBXShellScriptBuildPhase section */

/* Begin PBXSourcesBuildPhase section */
		AF177F301F7C37CE00CE7899 /* Sources */ = {
			isa = PBXSourcesBuildPhase;
			buildActionMask = 2147483647;
			files = (
				AF177F3A1F7C37CE00CE7899 /* RefuelViewController.swift in Sources */,
				AF177F381F7C37CE00CE7899 /* AppDelegate.swift in Sources */,
				AFBDB63C1F977C2A00C45B42 /* ExtensionDouble.swift in Sources */,
				AF2E1ED71F8CB527005C9116 /* CheckBox.swift in Sources */,
				AFBDB63E1F97A9F400C45B42 /* ExtensionString.swift in Sources */,
				AFC34A831F8808E100DE9B16 /* ListViewController.swift in Sources */,
				AF2E1ED51F8B82D0005C9116 /* SimpleFuelLogger.xcdatamodeld in Sources */,
				AFC34A811F879DD600DE9B16 /* RefuelTableViewCell.swift in Sources */,
			);
			runOnlyForDeploymentPostprocessing = 0;
		};
/* End PBXSourcesBuildPhase section */

/* Begin PBXVariantGroup section */
		AF177F3B1F7C37CE00CE7899 /* Main.storyboard */ = {
			isa = PBXVariantGroup;
			children = (
				AF177F3C1F7C37CE00CE7899 /* Base */,
			);
			name = Main.storyboard;
			sourceTree = "<group>";
		};
		AF177F401F7C37CE00CE7899 /* LaunchScreen.storyboard */ = {
			isa = PBXVariantGroup;
			children = (
				AF177F411F7C37CE00CE7899 /* Base */,
			);
			name = LaunchScreen.storyboard;
			sourceTree = "<group>";
		};
/* End PBXVariantGroup section */

/* Begin XCBuildConfiguration section */
		AF177F441F7C37CE00CE7899 /* Debug */ = {
			isa = XCBuildConfiguration;
			buildSettings = {
				ALWAYS_SEARCH_USER_PATHS = NO;
				CLANG_ANALYZER_NONNULL = YES;
				CLANG_ANALYZER_NUMBER_OBJECT_CONVERSION = YES_AGGRESSIVE;
				CLANG_CXX_LANGUAGE_STANDARD = "gnu++14";
				CLANG_CXX_LIBRARY = "libc++";
				CLANG_ENABLE_MODULES = YES;
				CLANG_ENABLE_OBJC_ARC = YES;
				CLANG_WARN_BLOCK_CAPTURE_AUTORELEASING = YES;
				CLANG_WARN_BOOL_CONVERSION = YES;
				CLANG_WARN_COMMA = YES;
				CLANG_WARN_CONSTANT_CONVERSION = YES;
				CLANG_WARN_DIRECT_OBJC_ISA_USAGE = YES_ERROR;
				CLANG_WARN_DOCUMENTATION_COMMENTS = YES;
				CLANG_WARN_EMPTY_BODY = YES;
				CLANG_WARN_ENUM_CONVERSION = YES;
				CLANG_WARN_INFINITE_RECURSION = YES;
				CLANG_WARN_INT_CONVERSION = YES;
				CLANG_WARN_NON_LITERAL_NULL_CONVERSION = YES;
				CLANG_WARN_OBJC_LITERAL_CONVERSION = YES;
				CLANG_WARN_OBJC_ROOT_CLASS = YES_ERROR;
				CLANG_WARN_RANGE_LOOP_ANALYSIS = YES;
				CLANG_WARN_STRICT_PROTOTYPES = YES;
				CLANG_WARN_SUSPICIOUS_MOVE = YES;
				CLANG_WARN_UNGUARDED_AVAILABILITY = YES_AGGRESSIVE;
				CLANG_WARN_UNREACHABLE_CODE = YES;
				CLANG_WARN__DUPLICATE_METHOD_MATCH = YES;
				CODE_SIGN_IDENTITY = "iPhone Developer";
				COPY_PHASE_STRIP = NO;
				DEBUG_INFORMATION_FORMAT = dwarf;
				ENABLE_STRICT_OBJC_MSGSEND = YES;
				ENABLE_TESTABILITY = YES;
				GCC_C_LANGUAGE_STANDARD = gnu11;
				GCC_DYNAMIC_NO_PIC = NO;
				GCC_NO_COMMON_BLOCKS = YES;
				GCC_OPTIMIZATION_LEVEL = 0;
				GCC_PREPROCESSOR_DEFINITIONS = (
					"DEBUG=1",
					"$(inherited)",
				);
				GCC_WARN_64_TO_32_BIT_CONVERSION = YES;
				GCC_WARN_ABOUT_RETURN_TYPE = YES_ERROR;
				GCC_WARN_UNDECLARED_SELECTOR = YES;
				GCC_WARN_UNINITIALIZED_AUTOS = YES_AGGRESSIVE;
				GCC_WARN_UNUSED_FUNCTION = YES;
				GCC_WARN_UNUSED_VARIABLE = YES;
				IPHONEOS_DEPLOYMENT_TARGET = 11.0;
				MTL_ENABLE_DEBUG_INFO = YES;
				ONLY_ACTIVE_ARCH = YES;
				SDKROOT = iphoneos;
				SWIFT_ACTIVE_COMPILATION_CONDITIONS = DEBUG;
				SWIFT_OPTIMIZATION_LEVEL = "-Onone";
			};
			name = Debug;
		};
		AF177F451F7C37CE00CE7899 /* Release */ = {
			isa = XCBuildConfiguration;
			buildSettings = {
				ALWAYS_SEARCH_USER_PATHS = NO;
				CLANG_ANALYZER_NONNULL = YES;
				CLANG_ANALYZER_NUMBER_OBJECT_CONVERSION = YES_AGGRESSIVE;
				CLANG_CXX_LANGUAGE_STANDARD = "gnu++14";
				CLANG_CXX_LIBRARY = "libc++";
				CLANG_ENABLE_MODULES = YES;
				CLANG_ENABLE_OBJC_ARC = YES;
				CLANG_WARN_BLOCK_CAPTURE_AUTORELEASING = YES;
				CLANG_WARN_BOOL_CONVERSION = YES;
				CLANG_WARN_COMMA = YES;
				CLANG_WARN_CONSTANT_CONVERSION = YES;
				CLANG_WARN_DIRECT_OBJC_ISA_USAGE = YES_ERROR;
				CLANG_WARN_DOCUMENTATION_COMMENTS = YES;
				CLANG_WARN_EMPTY_BODY = YES;
				CLANG_WARN_ENUM_CONVERSION = YES;
				CLANG_WARN_INFINITE_RECURSION = YES;
				CLANG_WARN_INT_CONVERSION = YES;
				CLANG_WARN_NON_LITERAL_NULL_CONVERSION = YES;
				CLANG_WARN_OBJC_LITERAL_CONVERSION = YES;
				CLANG_WARN_OBJC_ROOT_CLASS = YES_ERROR;
				CLANG_WARN_RANGE_LOOP_ANALYSIS = YES;
				CLANG_WARN_STRICT_PROTOTYPES = YES;
				CLANG_WARN_SUSPICIOUS_MOVE = YES;
				CLANG_WARN_UNGUARDED_AVAILABILITY = YES_AGGRESSIVE;
				CLANG_WARN_UNREACHABLE_CODE = YES;
				CLANG_WARN__DUPLICATE_METHOD_MATCH = YES;
				CODE_SIGN_IDENTITY = "iPhone Developer";
				COPY_PHASE_STRIP = NO;
				DEBUG_INFORMATION_FORMAT = "dwarf-with-dsym";
				ENABLE_NS_ASSERTIONS = NO;
				ENABLE_STRICT_OBJC_MSGSEND = YES;
				GCC_C_LANGUAGE_STANDARD = gnu11;
				GCC_NO_COMMON_BLOCKS = YES;
				GCC_WARN_64_TO_32_BIT_CONVERSION = YES;
				GCC_WARN_ABOUT_RETURN_TYPE = YES_ERROR;
				GCC_WARN_UNDECLARED_SELECTOR = YES;
				GCC_WARN_UNINITIALIZED_AUTOS = YES_AGGRESSIVE;
				GCC_WARN_UNUSED_FUNCTION = YES;
				GCC_WARN_UNUSED_VARIABLE = YES;
				IPHONEOS_DEPLOYMENT_TARGET = 11.0;
				MTL_ENABLE_DEBUG_INFO = NO;
				SDKROOT = iphoneos;
				SWIFT_OPTIMIZATION_LEVEL = "-Owholemodule";
				VALIDATE_PRODUCT = YES;
			};
			name = Release;
		};
		AF177F471F7C37CE00CE7899 /* Debug */ = {
			isa = XCBuildConfiguration;
			baseConfigurationReference = A68B8CC7A9556E85D3F56E0A /* Pods-Simple Fuel Logger.debug.xcconfig */;
			buildSettings = {
				ASSETCATALOG_COMPILER_APPICON_NAME = AppIcon;
				CODE_SIGN_STYLE = Automatic;
				DEVELOPMENT_TEAM = Y3S4XEY9DM;
				INFOPLIST_FILE = "Simple Fuel Logger/Info.plist";
				LD_RUNPATH_SEARCH_PATHS = "$(inherited) @executable_path/Frameworks";
				PRODUCT_BUNDLE_IDENTIFIER = "com.chaospredictor.Simple-Fuel-Logger";
				PRODUCT_NAME = "$(TARGET_NAME)";
				SWIFT_VERSION = 4.0;
				TARGETED_DEVICE_FAMILY = "1,2";
			};
			name = Debug;
		};
		AF177F481F7C37CE00CE7899 /* Release */ = {
			isa = XCBuildConfiguration;
			baseConfigurationReference = 63C1556A5C8C1596EA48B104 /* Pods-Simple Fuel Logger.release.xcconfig */;
			buildSettings = {
				ASSETCATALOG_COMPILER_APPICON_NAME = AppIcon;
				CODE_SIGN_STYLE = Automatic;
				DEVELOPMENT_TEAM = Y3S4XEY9DM;
				INFOPLIST_FILE = "Simple Fuel Logger/Info.plist";
				LD_RUNPATH_SEARCH_PATHS = "$(inherited) @executable_path/Frameworks";
				PRODUCT_BUNDLE_IDENTIFIER = "com.chaospredictor.Simple-Fuel-Logger";
				PRODUCT_NAME = "$(TARGET_NAME)";
				SWIFT_VERSION = 4.0;
				TARGETED_DEVICE_FAMILY = "1,2";
			};
			name = Release;
		};
/* End XCBuildConfiguration section */

/* Begin XCConfigurationList section */
		AF177F2F1F7C37CE00CE7899 /* Build configuration list for PBXProject "Simple Fuel Logger" */ = {
			isa = XCConfigurationList;
			buildConfigurations = (
				AF177F441F7C37CE00CE7899 /* Debug */,
				AF177F451F7C37CE00CE7899 /* Release */,
			);
			defaultConfigurationIsVisible = 0;
			defaultConfigurationName = Release;
		};
		AF177F461F7C37CE00CE7899 /* Build configuration list for PBXNativeTarget "Simple Fuel Logger" */ = {
			isa = XCConfigurationList;
			buildConfigurations = (
				AF177F471F7C37CE00CE7899 /* Debug */,
				AF177F481F7C37CE00CE7899 /* Release */,
			);
			defaultConfigurationIsVisible = 0;
			defaultConfigurationName = Release;
		};
/* End XCConfigurationList section */

/* Begin XCVersionGroup section */
		AF2E1ED21F8AC4FF005C9116 /* SimpleFuelLogger.xcdatamodeld */ = {
			isa = XCVersionGroup;
			children = (
				AF2E1ED31F8AC4FF005C9116 /* SimpleFuelLogger.xcdatamodel */,
			);
			currentVersion = AF2E1ED31F8AC4FF005C9116 /* SimpleFuelLogger.xcdatamodel */;
			path = SimpleFuelLogger.xcdatamodeld;
			sourceTree = "<group>";
			versionGroupType = wrapper.xcdatamodel;
		};
/* End XCVersionGroup section */
	};
	rootObject = AF177F2C1F7C37CE00CE7899 /* Project object */;
}
